
Microsoft Visual Studio Solution File, Format Version 12.00
# Visual Studio Version 16
VisualStudioVersion = 16.0.28922.388
MinimumVisualStudioVersion = 10.0.40219.1
Project("{FAE04EC0-301F-11D3-BF4B-00C04F79EFBC}") = "PerAreaVolLanaZE", "PerAreaVolLanaZE\PerAreaVolLanaZE.csproj", "{A9BF3FB2-60C4-4975-B2BE-DDC06CA89715}"
EndProject
Global
	GlobalSection(SolutionConfigurationPlatforms) = preSolution
		Debug|Any CPU = Debug|Any CPU
		Release|Any CPU = Release|Any CPU
	EndGlobalSection
	GlobalSection(ProjectConfigurationPlatforms) = postSolution
		{A9BF3FB2-60C4-4975-B2BE-DDC06CA89715}.Debug|Any CPU.ActiveCfg = Debug|Any CPU
		{A9BF3FB2-60C4-4975-B2BE-DDC06CA89715}.Debug|Any CPU.Build.0 = Debug|Any CPU
		{A9BF3FB2-60C4-4975-B2BE-DDC06CA89715}.Release|Any CPU.ActiveCfg = Release|Any CPU
		{A9BF3FB2-60C4-4975-B2BE-DDC06CA89715}.Release|Any CPU.Build.0 = Release|Any CPU
	EndGlobalSection
	GlobalSection(SolutionProperties) = preSolution
		HideSolutionNode = FALSE
	EndGlobalSection
	GlobalSection(ExtensibilityGlobals) = postSolution
		SolutionGuid = {C58F365E-D513-4EEE-8FA7-00A47E87D537}
	EndGlobalSection
EndGlobal
